{
  "name": "43.-unchanged-magicians",
  "version": "1.0.0",
  "lockfileVersion": 3,
  "requires": true,
  "packages": {
    "": {
      "name": "43.-unchanged-magicians",
      "version": "1.0.0",
      "license": "ISC",
      "dependencies": {
        "@types/node": "^20.11.19"
      }
    },
    "node_modules/@types/node": {
      "version": "20.11.19",
      "resolved": "https://registry.npmjs.org/@types/node/-/node-20.11.19.tgz",
      "integrity": "sha512-7xMnVEcZFu0DikYjWOlRq7NTPETrm7teqUT2WkQjrTIkEgUyyGdWsj/Zg8bEJt5TNklzbPD1X3fqfsHw3SpapQ==",
      "dependencies": {
        "undici-types": "~5.26.4"
      }
    },
    "node_modules/undici-types": {
      "version": "5.26.5",
      "license": "MIT"
    }
  }
}
